// !$*UTF8*$!
{
	archiveVersion = 1;
	classes = {
	};
	objectVersion = 46;
	objects = {

/* Begin PBXBuildFile section */
		5E27D917DD8BCA4F2C25FD47 /* Pods_BioKids_Swift.framework in Frameworks */ = {isa = PBXBuildFile; fileRef = 68D9F7758D1AACD7C136D2D0 /* Pods_BioKids_Swift.framework */; };
		CA39BEC11E9DA5F100B5389D /* ObservationTableViewCell.swift in Sources */ = {isa = PBXBuildFile; fileRef = CA39BEC01E9DA5F100B5389D /* ObservationTableViewCell.swift */; };
		CA5C34E21F7A9AA400D340D8 /* GrassType.swift in Sources */ = {isa = PBXBuildFile; fileRef = CA5C34E11F7A9AA400D340D8 /* GrassType.swift */; };
		CA5DC7BB1E8C2832006B9224 /* ObservationsContainer.swift in Sources */ = {isa = PBXBuildFile; fileRef = CA5DC7BA1E8C2832006B9224 /* ObservationsContainer.swift */; };
		CA5DC7BD1E8C2BD6006B9224 /* Observation.swift in Sources */ = {isa = PBXBuildFile; fileRef = CA5DC7BC1E8C2BD6006B9224 /* Observation.swift */; };
		CA5DC7BF1E8C3A08006B9224 /* HowMuchGrassViewController.swift in Sources */ = {isa = PBXBuildFile; fileRef = CA5DC7BE1E8C3A08006B9224 /* HowMuchGrassViewController.swift */; };
		CAA672271E76F44100BB1458 /* AnimalSpeciesTableViewController.swift in Sources */ = {isa = PBXBuildFile; fileRef = CAA672261E76F44100BB1458 /* AnimalSpeciesTableViewController.swift */; };
		CAB8FC621E23F05E00B6EAC4 /* AppDelegate.swift in Sources */ = {isa = PBXBuildFile; fileRef = CAB8FC611E23F05E00B6EAC4 /* AppDelegate.swift */; };
		CAB8FC641E23F05E00B6EAC4 /* ViewController.swift in Sources */ = {isa = PBXBuildFile; fileRef = CAB8FC631E23F05E00B6EAC4 /* ViewController.swift */; };
		CAB8FC671E23F05E00B6EAC4 /* Main.storyboard in Resources */ = {isa = PBXBuildFile; fileRef = CAB8FC651E23F05E00B6EAC4 /* Main.storyboard */; };
		CAB8FC691E23F05E00B6EAC4 /* Assets.xcassets in Resources */ = {isa = PBXBuildFile; fileRef = CAB8FC681E23F05E00B6EAC4 /* Assets.xcassets */; };
		CAB8FC6C1E23F05E00B6EAC4 /* LaunchScreen.storyboard in Resources */ = {isa = PBXBuildFile; fileRef = CAB8FC6A1E23F05E00B6EAC4 /* LaunchScreen.storyboard */; };
		CAB8FC741E23FA4400B6EAC4 /* SettingsController.swift in Sources */ = {isa = PBXBuildFile; fileRef = CAB8FC731E23FA4400B6EAC4 /* SettingsController.swift */; };
		CAB8FC761E23FA5400B6EAC4 /* AboutController.swift in Sources */ = {isa = PBXBuildFile; fileRef = CAB8FC751E23FA5400B6EAC4 /* AboutController.swift */; };
		CAB8FC781E240EE000B6EAC4 /* PhotoController.swift in Sources */ = {isa = PBXBuildFile; fileRef = CAB8FC771E240EE000B6EAC4 /* PhotoController.swift */; };
		CAB8FC7A1E240EFB00B6EAC4 /* SensedHowViewController.swift in Sources */ = {isa = PBXBuildFile; fileRef = CAB8FC791E240EFB00B6EAC4 /* SensedHowViewController.swift */; };
		CAB8FC7C1E240F0D00B6EAC4 /* SensedWhatController.swift in Sources */ = {isa = PBXBuildFile; fileRef = CAB8FC7B1E240F0D00B6EAC4 /* SensedWhatController.swift */; };
		CAB8FC7E1E2410AA00B6EAC4 /* PlantTypeController.swift in Sources */ = {isa = PBXBuildFile; fileRef = CAB8FC7D1E2410A900B6EAC4 /* PlantTypeController.swift */; };
		CAB8FC821E2410D300B6EAC4 /* AnimalTypeController.swift in Sources */ = {isa = PBXBuildFile; fileRef = CAB8FC811E2410D300B6EAC4 /* AnimalTypeController.swift */; };
		CAB8FC841E24115300B6EAC4 /* AmountSensedController.swift in Sources */ = {isa = PBXBuildFile; fileRef = CAB8FC831E24115300B6EAC4 /* AmountSensedController.swift */; };
		CAB8FC861E24118200B6EAC4 /* NotesController.swift in Sources */ = {isa = PBXBuildFile; fileRef = CAB8FC851E24118200B6EAC4 /* NotesController.swift */; };
		CACB50AE1E79CE5100AE7133 /* Montserrat-Regular.otf in Resources */ = {isa = PBXBuildFile; fileRef = CACB50AD1E79CE5100AE7133 /* Montserrat-Regular.otf */; };
		CAD2BB251E72FC3300354675 /* PlantKindViewController.swift in Sources */ = {isa = PBXBuildFile; fileRef = CAD2BB241E72FC3300354675 /* PlantKindViewController.swift */; };
		CAD2BB271E73050000354675 /* AnimalList.plist in Resources */ = {isa = PBXBuildFile; fileRef = CAD2BB261E7304FF00354675 /* AnimalList.plist */; };
		CAD2BB291E73083900354675 /* AnimalGroupTableViewController.swift in Sources */ = {isa = PBXBuildFile; fileRef = CAD2BB281E73083900354675 /* AnimalGroupTableViewController.swift */; };
		CAD2BB2B1E7327B900354675 /* sequencePhilly.plist in Resources */ = {isa = PBXBuildFile; fileRef = CAD2BB2A1E7327B900354675 /* sequencePhilly.plist */; };
		CAD2BB2D1E732E5000354675 /* AnimalGroupTableViewCell.swift in Sources */ = {isa = PBXBuildFile; fileRef = CAD2BB2C1E732E5000354675 /* AnimalGroupTableViewCell.swift */; };
		CAE4BDF91F7AA80000A6043C /* GrassKindTableViewCell.swift in Sources */ = {isa = PBXBuildFile; fileRef = CAE4BDF81F7AA80000A6043C /* GrassKindTableViewCell.swift */; };
		FD5561B91F1FCEBD008D2FA2 /* LoginController.swift in Sources */ = {isa = PBXBuildFile; fileRef = FD5561B81F1FCEBD008D2FA2 /* LoginController.swift */; };
/* End PBXBuildFile section */

/* Begin PBXFileReference section */
		5D5EC777303DD97551E2319E /* Pods-BioKids_Swift.release.xcconfig */ = {isa = PBXFileReference; includeInIndex = 1; lastKnownFileType = text.xcconfig; name = "Pods-BioKids_Swift.release.xcconfig"; path = "Pods/Target Support Files/Pods-BioKids_Swift/Pods-BioKids_Swift.release.xcconfig"; sourceTree = "<group>"; };
		68D9F7758D1AACD7C136D2D0 /* Pods_BioKids_Swift.framework */ = {isa = PBXFileReference; explicitFileType = wrapper.framework; includeInIndex = 0; path = Pods_BioKids_Swift.framework; sourceTree = BUILT_PRODUCTS_DIR; };
		6CBB0872D5C435C87E8E7431 /* Pods-BioKids_Swift.debug.xcconfig */ = {isa = PBXFileReference; includeInIndex = 1; lastKnownFileType = text.xcconfig; name = "Pods-BioKids_Swift.debug.xcconfig"; path = "Pods/Target Support Files/Pods-BioKids_Swift/Pods-BioKids_Swift.debug.xcconfig"; sourceTree = "<group>"; };
		CA39BEC01E9DA5F100B5389D /* ObservationTableViewCell.swift */ = {isa = PBXFileReference; fileEncoding = 4; lastKnownFileType = sourcecode.swift; path = ObservationTableViewCell.swift; sourceTree = "<group>"; };
		CA5C34E11F7A9AA400D340D8 /* GrassType.swift */ = {isa = PBXFileReference; fileEncoding = 4; lastKnownFileType = sourcecode.swift; path = GrassType.swift; sourceTree = "<group>"; };
		CA5DC7BA1E8C2832006B9224 /* ObservationsContainer.swift */ = {isa = PBXFileReference; fileEncoding = 4; lastKnownFileType = sourcecode.swift; path = ObservationsContainer.swift; sourceTree = "<group>"; };
		CA5DC7BC1E8C2BD6006B9224 /* Observation.swift */ = {isa = PBXFileReference; fileEncoding = 4; lastKnownFileType = sourcecode.swift; path = Observation.swift; sourceTree = "<group>"; };
		CA5DC7BE1E8C3A08006B9224 /* HowMuchGrassViewController.swift */ = {isa = PBXFileReference; fileEncoding = 4; lastKnownFileType = sourcecode.swift; path = HowMuchGrassViewController.swift; sourceTree = "<group>"; };
		CAA672261E76F44100BB1458 /* AnimalSpeciesTableViewController.swift */ = {isa = PBXFileReference; fileEncoding = 4; lastKnownFileType = sourcecode.swift; path = AnimalSpeciesTableViewController.swift; sourceTree = "<group>"; };
		CAB8FC5E1E23F05E00B6EAC4 /* BioKids_Swift.app */ = {isa = PBXFileReference; explicitFileType = wrapper.application; includeInIndex = 0; path = BioKids_Swift.app; sourceTree = BUILT_PRODUCTS_DIR; };
		CAB8FC611E23F05E00B6EAC4 /* AppDelegate.swift */ = {isa = PBXFileReference; lastKnownFileType = sourcecode.swift; path = AppDelegate.swift; sourceTree = "<group>"; };
		CAB8FC631E23F05E00B6EAC4 /* ViewController.swift */ = {isa = PBXFileReference; lastKnownFileType = sourcecode.swift; path = ViewController.swift; sourceTree = "<group>"; };
		CAB8FC661E23F05E00B6EAC4 /* Base */ = {isa = PBXFileReference; lastKnownFileType = file.storyboard; name = Base; path = Base.lproj/Main.storyboard; sourceTree = "<group>"; };
		CAB8FC681E23F05E00B6EAC4 /* Assets.xcassets */ = {isa = PBXFileReference; lastKnownFileType = folder.assetcatalog; path = Assets.xcassets; sourceTree = "<group>"; };
		CAB8FC6B1E23F05E00B6EAC4 /* Base */ = {isa = PBXFileReference; lastKnownFileType = file.storyboard; name = Base; path = Base.lproj/LaunchScreen.storyboard; sourceTree = "<group>"; };
		CAB8FC6D1E23F05E00B6EAC4 /* Info.plist */ = {isa = PBXFileReference; lastKnownFileType = text.plist.xml; path = Info.plist; sourceTree = "<group>"; };
		CAB8FC731E23FA4400B6EAC4 /* SettingsController.swift */ = {isa = PBXFileReference; fileEncoding = 4; lastKnownFileType = sourcecode.swift; path = SettingsController.swift; sourceTree = "<group>"; };
		CAB8FC751E23FA5400B6EAC4 /* AboutController.swift */ = {isa = PBXFileReference; fileEncoding = 4; lastKnownFileType = sourcecode.swift; path = AboutController.swift; sourceTree = "<group>"; };
		CAB8FC771E240EE000B6EAC4 /* PhotoController.swift */ = {isa = PBXFileReference; fileEncoding = 4; lastKnownFileType = sourcecode.swift; path = PhotoController.swift; sourceTree = "<group>"; };
		CAB8FC791E240EFB00B6EAC4 /* SensedHowViewController.swift */ = {isa = PBXFileReference; fileEncoding = 4; lastKnownFileType = sourcecode.swift; path = SensedHowViewController.swift; sourceTree = "<group>"; };
		CAB8FC7B1E240F0D00B6EAC4 /* SensedWhatController.swift */ = {isa = PBXFileReference; fileEncoding = 4; lastKnownFileType = sourcecode.swift; path = SensedWhatController.swift; sourceTree = "<group>"; };
		CAB8FC7D1E2410A900B6EAC4 /* PlantTypeController.swift */ = {isa = PBXFileReference; fileEncoding = 4; lastKnownFileType = sourcecode.swift; path = PlantTypeController.swift; sourceTree = "<group>"; };
		CAB8FC811E2410D300B6EAC4 /* AnimalTypeController.swift */ = {isa = PBXFileReference; fileEncoding = 4; lastKnownFileType = sourcecode.swift; path = AnimalTypeController.swift; sourceTree = "<group>"; };
		CAB8FC831E24115300B6EAC4 /* AmountSensedController.swift */ = {isa = PBXFileReference; fileEncoding = 4; lastKnownFileType = sourcecode.swift; path = AmountSensedController.swift; sourceTree = "<group>"; };
		CAB8FC851E24118200B6EAC4 /* NotesController.swift */ = {isa = PBXFileReference; fileEncoding = 4; lastKnownFileType = sourcecode.swift; path = NotesController.swift; sourceTree = "<group>"; };
		CACB50AD1E79CE5100AE7133 /* Montserrat-Regular.otf */ = {isa = PBXFileReference; lastKnownFileType = file; path = "Montserrat-Regular.otf"; sourceTree = "<group>"; };
		CAD2BB241E72FC3300354675 /* PlantKindViewController.swift */ = {isa = PBXFileReference; fileEncoding = 4; lastKnownFileType = sourcecode.swift; path = PlantKindViewController.swift; sourceTree = "<group>"; };
		CAD2BB261E7304FF00354675 /* AnimalList.plist */ = {isa = PBXFileReference; fileEncoding = 4; lastKnownFileType = text.plist.xml; path = AnimalList.plist; sourceTree = "<group>"; };
		CAD2BB281E73083900354675 /* AnimalGroupTableViewController.swift */ = {isa = PBXFileReference; fileEncoding = 4; lastKnownFileType = sourcecode.swift; path = AnimalGroupTableViewController.swift; sourceTree = "<group>"; };
		CAD2BB2A1E7327B900354675 /* sequencePhilly.plist */ = {isa = PBXFileReference; fileEncoding = 4; lastKnownFileType = text.plist.xml; path = sequencePhilly.plist; sourceTree = "<group>"; };
		CAD2BB2C1E732E5000354675 /* AnimalGroupTableViewCell.swift */ = {isa = PBXFileReference; fileEncoding = 4; lastKnownFileType = sourcecode.swift; path = AnimalGroupTableViewCell.swift; sourceTree = "<group>"; };
		CAE4BDF81F7AA80000A6043C /* GrassKindTableViewCell.swift */ = {isa = PBXFileReference; fileEncoding = 4; lastKnownFileType = sourcecode.swift; path = GrassKindTableViewCell.swift; sourceTree = "<group>"; };
		FD5561B81F1FCEBD008D2FA2 /* LoginController.swift */ = {isa = PBXFileReference; fileEncoding = 4; lastKnownFileType = sourcecode.swift; path = LoginController.swift; sourceTree = "<group>"; };
/* End PBXFileReference section */

/* Begin PBXFrameworksBuildPhase section */
		CAB8FC5B1E23F05E00B6EAC4 /* Frameworks */ = {
			isa = PBXFrameworksBuildPhase;
			buildActionMask = 2147483647;
			files = (
				5E27D917DD8BCA4F2C25FD47 /* Pods_BioKids_Swift.framework in Frameworks */,
			);
			runOnlyForDeploymentPostprocessing = 0;
		};
/* End PBXFrameworksBuildPhase section */

/* Begin PBXGroup section */
		9195BFE8EAB50FDEF7B5D62A /* Pods */ = {
			isa = PBXGroup;
			children = (
				6CBB0872D5C435C87E8E7431 /* Pods-BioKids_Swift.debug.xcconfig */,
				5D5EC777303DD97551E2319E /* Pods-BioKids_Swift.release.xcconfig */,
			);
			name = Pods;
			sourceTree = "<group>";
		};
		BE87F1BE3C1ADDF573891DB1 /* Frameworks */ = {
			isa = PBXGroup;
			children = (
				68D9F7758D1AACD7C136D2D0 /* Pods_BioKids_Swift.framework */,
			);
			name = Frameworks;
			sourceTree = "<group>";
		};
		CAB8FC551E23F05E00B6EAC4 = {
			isa = PBXGroup;
			children = (
				CAB8FC601E23F05E00B6EAC4 /* BioKids_Swift */,
				CAB8FC5F1E23F05E00B6EAC4 /* Products */,
				9195BFE8EAB50FDEF7B5D62A /* Pods */,
				BE87F1BE3C1ADDF573891DB1 /* Frameworks */,
			);
			sourceTree = "<group>";
		};
		CAB8FC5F1E23F05E00B6EAC4 /* Products */ = {
			isa = PBXGroup;
			children = (
				CAB8FC5E1E23F05E00B6EAC4 /* BioKids_Swift.app */,
			);
			name = Products;
			sourceTree = "<group>";
		};
		CAB8FC601E23F05E00B6EAC4 /* BioKids_Swift */ = {
			isa = PBXGroup;
			children = (
				CACB50AD1E79CE5100AE7133 /* Montserrat-Regular.otf */,
				CAD2BB261E7304FF00354675 /* AnimalList.plist */,
				CAB8FC6D1E23F05E00B6EAC4 /* Info.plist */,
				CAD2BB2A1E7327B900354675 /* sequencePhilly.plist */,
				CAB8FC751E23FA5400B6EAC4 /* AboutController.swift */,
				CAB8FC831E24115300B6EAC4 /* AmountSensedController.swift */,
				CAD2BB2C1E732E5000354675 /* AnimalGroupTableViewCell.swift */,
				CAE4BDF81F7AA80000A6043C /* GrassKindTableViewCell.swift */,
				CAD2BB281E73083900354675 /* AnimalGroupTableViewController.swift */,
				CAA672261E76F44100BB1458 /* AnimalSpeciesTableViewController.swift */,
				CAB8FC811E2410D300B6EAC4 /* AnimalTypeController.swift */,
				CAB8FC611E23F05E00B6EAC4 /* AppDelegate.swift */,
				CA5DC7BE1E8C3A08006B9224 /* HowMuchGrassViewController.swift */,
				CAB8FC851E24118200B6EAC4 /* NotesController.swift */,
				CA5DC7BC1E8C2BD6006B9224 /* Observation.swift */,
				CA5DC7BA1E8C2832006B9224 /* ObservationsContainer.swift */,
				CA39BEC01E9DA5F100B5389D /* ObservationTableViewCell.swift */,
				CAB8FC771E240EE000B6EAC4 /* PhotoController.swift */,
				CAD2BB241E72FC3300354675 /* PlantKindViewController.swift */,
				CAB8FC7D1E2410A900B6EAC4 /* PlantTypeController.swift */,
				CAB8FC791E240EFB00B6EAC4 /* SensedHowViewController.swift */,
				CAB8FC7B1E240F0D00B6EAC4 /* SensedWhatController.swift */,
				CAB8FC731E23FA4400B6EAC4 /* SettingsController.swift */,
				FD5561B81F1FCEBD008D2FA2 /* LoginController.swift */,
				CAB8FC631E23F05E00B6EAC4 /* ViewController.swift */,
				CA5C34E11F7A9AA400D340D8 /* GrassType.swift */,
				CAB8FC681E23F05E00B6EAC4 /* Assets.xcassets */,
				CAB8FC6A1E23F05E00B6EAC4 /* LaunchScreen.storyboard */,
				CAB8FC651E23F05E00B6EAC4 /* Main.storyboard */,
				CA5C34E11F7A9AA400D340D8 /* GrassType.swift */,
			);
			path = BioKids_Swift;
			sourceTree = "<group>";
		};
/* End PBXGroup section */

/* Begin PBXNativeTarget section */
		CAB8FC5D1E23F05E00B6EAC4 /* BioKids_Swift */ = {
			isa = PBXNativeTarget;
			buildConfigurationList = CAB8FC701E23F05E00B6EAC4 /* Build configuration list for PBXNativeTarget "BioKids_Swift" */;
			buildPhases = (
				212AD0DF8395EEF7F42C3D44 /* [CP] Check Pods Manifest.lock */,
				CAB8FC5A1E23F05E00B6EAC4 /* Sources */,
				CAB8FC5B1E23F05E00B6EAC4 /* Frameworks */,
				CAB8FC5C1E23F05E00B6EAC4 /* Resources */,
				07740825C3AF356A743F7710 /* [CP] Embed Pods Frameworks */,
				C88A6099AFA7D2E310676AF5 /* [CP] Copy Pods Resources */,
			);
			buildRules = (
			);
			dependencies = (
			);
			name = BioKids_Swift;
			productName = BioKids_Swift;
			productReference = CAB8FC5E1E23F05E00B6EAC4 /* BioKids_Swift.app */;
			productType = "com.apple.product-type.application";
		};
/* End PBXNativeTarget section */

/* Begin PBXProject section */
		CAB8FC561E23F05E00B6EAC4 /* Project object */ = {
			isa = PBXProject;
			attributes = {
				LastSwiftUpdateCheck = 0820;
				LastUpgradeCheck = 0820;
				ORGANIZATIONNAME = "App Lab";
				TargetAttributes = {
					CAB8FC5D1E23F05E00B6EAC4 = {
						CreatedOnToolsVersion = 8.2.1;
						DevelopmentTeam = BBME9M5D97;
						ProvisioningStyle = Automatic;
					};
				};
			};
			buildConfigurationList = CAB8FC591E23F05E00B6EAC4 /* Build configuration list for PBXProject "BioKids_Swift" */;
			compatibilityVersion = "Xcode 3.2";
			developmentRegion = English;
			hasScannedForEncodings = 0;
			knownRegions = (
				en,
				Base,
			);
			mainGroup = CAB8FC551E23F05E00B6EAC4;
			productRefGroup = CAB8FC5F1E23F05E00B6EAC4 /* Products */;
			projectDirPath = "";
			projectRoot = "";
			targets = (
				CAB8FC5D1E23F05E00B6EAC4 /* BioKids_Swift */,
			);
		};
/* End PBXProject section */

/* Begin PBXResourcesBuildPhase section */
		CAB8FC5C1E23F05E00B6EAC4 /* Resources */ = {
			isa = PBXResourcesBuildPhase;
			buildActionMask = 2147483647;
			files = (
				CAD2BB271E73050000354675 /* AnimalList.plist in Resources */,
				CAB8FC6C1E23F05E00B6EAC4 /* LaunchScreen.storyboard in Resources */,
				CAB8FC691E23F05E00B6EAC4 /* Assets.xcassets in Resources */,
				CAB8FC671E23F05E00B6EAC4 /* Main.storyboard in Resources */,
				CAD2BB2B1E7327B900354675 /* sequencePhilly.plist in Resources */,
				CACB50AE1E79CE5100AE7133 /* Montserrat-Regular.otf in Resources */,
			);
			runOnlyForDeploymentPostprocessing = 0;
		};
/* End PBXResourcesBuildPhase section */

/* Begin PBXShellScriptBuildPhase section */
		07740825C3AF356A743F7710 /* [CP] Embed Pods Frameworks */ = {
			isa = PBXShellScriptBuildPhase;
			buildActionMask = 2147483647;
			files = (
			);
			inputPaths = (
				"${SRCROOT}/Pods/Target Support Files/Pods-BioKids_Swift/Pods-BioKids_Swift-frameworks.sh",
				"${BUILT_PRODUCTS_DIR}/Alamofire/Alamofire.framework",
				"${BUILT_PRODUCTS_DIR}/Realm/Realm.framework",
				"${BUILT_PRODUCTS_DIR}/RealmSwift/RealmSwift.framework",
			);
			name = "[CP] Embed Pods Frameworks";
			outputPaths = (
				"${TARGET_BUILD_DIR}/${FRAMEWORKS_FOLDER_PATH}/Alamofire.framework",
				"${TARGET_BUILD_DIR}/${FRAMEWORKS_FOLDER_PATH}/Realm.framework",
				"${TARGET_BUILD_DIR}/${FRAMEWORKS_FOLDER_PATH}/RealmSwift.framework",
			);
			runOnlyForDeploymentPostprocessing = 0;
			shellPath = /bin/sh;
			shellScript = "\"${SRCROOT}/Pods/Target Support Files/Pods-BioKids_Swift/Pods-BioKids_Swift-frameworks.sh\"\n";
			showEnvVarsInLog = 0;
		};
		212AD0DF8395EEF7F42C3D44 /* [CP] Check Pods Manifest.lock */ = {
			isa = PBXShellScriptBuildPhase;
			buildActionMask = 2147483647;
			files = (
			);
			inputPaths = (
				"${PODS_PODFILE_DIR_PATH}/Podfile.lock",
				"${PODS_ROOT}/Manifest.lock",
			);
			name = "[CP] Check Pods Manifest.lock";
			outputPaths = (
				"$(DERIVED_FILE_DIR)/Pods-BioKids_Swift-checkManifestLockResult.txt",
			);
			runOnlyForDeploymentPostprocessing = 0;
			shellPath = /bin/sh;
			shellScript = "diff \"${PODS_PODFILE_DIR_PATH}/Podfile.lock\" \"${PODS_ROOT}/Manifest.lock\" > /dev/null\nif [ $? != 0 ] ; then\n    # print error to STDERR\n    echo \"error: The sandbox is not in sync with the Podfile.lock. Run 'pod install' or update your CocoaPods installation.\" >&2\n    exit 1\nfi\n# This output is used by Xcode 'outputs' to avoid re-running this script phase.\necho \"SUCCESS\" > \"${SCRIPT_OUTPUT_FILE_0}\"\n";
			showEnvVarsInLog = 0;
		};
		C88A6099AFA7D2E310676AF5 /* [CP] Copy Pods Resources */ = {
			isa = PBXShellScriptBuildPhase;
			buildActionMask = 2147483647;
			files = (
			);
			inputPaths = (
			);
			name = "[CP] Copy Pods Resources";
			outputPaths = (
			);
			runOnlyForDeploymentPostprocessing = 0;
			shellPath = /bin/sh;
			shellScript = "\"${SRCROOT}/Pods/Target Support Files/Pods-BioKids_Swift/Pods-BioKids_Swift-resources.sh\"\n";
			showEnvVarsInLog = 0;
		};
/* End PBXShellScriptBuildPhase section */

/* Begin PBXSourcesBuildPhase section */
		CAB8FC5A1E23F05E00B6EAC4 /* Sources */ = {
			isa = PBXSourcesBuildPhase;
			buildActionMask = 2147483647;
			files = (
				CAB8FC7C1E240F0D00B6EAC4 /* SensedWhatController.swift in Sources */,
				CAB8FC861E24118200B6EAC4 /* NotesController.swift in Sources */,
				CA5DC7BF1E8C3A08006B9224 /* HowMuchGrassViewController.swift in Sources */,
				CAB8FC7E1E2410AA00B6EAC4 /* PlantTypeController.swift in Sources */,
				CAB8FC7A1E240EFB00B6EAC4 /* SensedHowViewController.swift in Sources */,
				CAB8FC781E240EE000B6EAC4 /* PhotoController.swift in Sources */,
				CA5C34E21F7A9AA400D340D8 /* GrassType.swift in Sources */,
				CAB8FC821E2410D300B6EAC4 /* AnimalTypeController.swift in Sources */,
				CAB8FC741E23FA4400B6EAC4 /* SettingsController.swift in Sources */,
				CAB8FC641E23F05E00B6EAC4 /* ViewController.swift in Sources */,
				FD5561B91F1FCEBD008D2FA2 /* LoginController.swift in Sources */,
				CA5DC7BB1E8C2832006B9224 /* ObservationsContainer.swift in Sources */,
				CAE4BDF91F7AA80000A6043C /* GrassKindTableViewCell.swift in Sources */,
				CAB8FC621E23F05E00B6EAC4 /* AppDelegate.swift in Sources */,
				CA5DC7BD1E8C2BD6006B9224 /* Observation.swift in Sources */,
				CAD2BB2D1E732E5000354675 /* AnimalGroupTableViewCell.swift in Sources */,
				CAB8FC761E23FA5400B6EAC4 /* AboutController.swift in Sources */,
				CAD2BB291E73083900354675 /* AnimalGroupTableViewController.swift in Sources */,
				CAB8FC841E24115300B6EAC4 /* AmountSensedController.swift in Sources */,
				CAD2BB251E72FC3300354675 /* PlantKindViewController.swift in Sources */,
				CA39BEC11E9DA5F100B5389D /* ObservationTableViewCell.swift in Sources */,
				CAA672271E76F44100BB1458 /* AnimalSpeciesTableViewController.swift in Sources */,
			);
			runOnlyForDeploymentPostprocessing = 0;
		};
/* End PBXSourcesBuildPhase section */

/* Begin PBXVariantGroup section */
		CAB8FC651E23F05E00B6EAC4 /* Main.storyboard */ = {
			isa = PBXVariantGroup;
			children = (
				CAB8FC661E23F05E00B6EAC4 /* Base */,
			);
			name = Main.storyboard;
			sourceTree = "<group>";
		};
		CAB8FC6A1E23F05E00B6EAC4 /* LaunchScreen.storyboard */ = {
			isa = PBXVariantGroup;
			children = (
				CAB8FC6B1E23F05E00B6EAC4 /* Base */,
			);
			name = LaunchScreen.storyboard;
			sourceTree = "<group>";
		};
/* End PBXVariantGroup section */

/* Begin XCBuildConfiguration section */
		CAB8FC6E1E23F05E00B6EAC4 /* Debug */ = {
			isa = XCBuildConfiguration;
			buildSettings = {
				ALWAYS_SEARCH_USER_PATHS = NO;
				CLANG_ANALYZER_NONNULL = YES;
				CLANG_CXX_LANGUAGE_STANDARD = "gnu++0x";
				CLANG_CXX_LIBRARY = "libc++";
				CLANG_ENABLE_MODULES = YES;
				CLANG_ENABLE_OBJC_ARC = YES;
				CLANG_WARN_BOOL_CONVERSION = YES;
				CLANG_WARN_CONSTANT_CONVERSION = YES;
				CLANG_WARN_DIRECT_OBJC_ISA_USAGE = YES_ERROR;
				CLANG_WARN_DOCUMENTATION_COMMENTS = YES;
				CLANG_WARN_EMPTY_BODY = YES;
				CLANG_WARN_ENUM_CONVERSION = YES;
				CLANG_WARN_INFINITE_RECURSION = YES;
				CLANG_WARN_INT_CONVERSION = YES;
				CLANG_WARN_OBJC_ROOT_CLASS = YES_ERROR;
				CLANG_WARN_SUSPICIOUS_MOVE = YES;
				CLANG_WARN_UNREACHABLE_CODE = YES;
				CLANG_WARN__DUPLICATE_METHOD_MATCH = YES;
				"CODE_SIGN_IDENTITY[sdk=iphoneos*]" = "iPhone Developer";
				COPY_PHASE_STRIP = NO;
				DEBUG_INFORMATION_FORMAT = dwarf;
				ENABLE_STRICT_OBJC_MSGSEND = YES;
				ENABLE_TESTABILITY = YES;
				GCC_C_LANGUAGE_STANDARD = gnu99;
				GCC_DYNAMIC_NO_PIC = NO;
				GCC_NO_COMMON_BLOCKS = YES;
				GCC_OPTIMIZATION_LEVEL = 0;
				GCC_PREPROCESSOR_DEFINITIONS = (
					"DEBUG=1",
					"$(inherited)",
				);
				GCC_WARN_64_TO_32_BIT_CONVERSION = YES;
				GCC_WARN_ABOUT_RETURN_TYPE = YES_ERROR;
				GCC_WARN_UNDECLARED_SELECTOR = YES;
				GCC_WARN_UNINITIALIZED_AUTOS = YES_AGGRESSIVE;
				GCC_WARN_UNUSED_FUNCTION = YES;
				GCC_WARN_UNUSED_VARIABLE = YES;
				IPHONEOS_DEPLOYMENT_TARGET = 10.3;
				MTL_ENABLE_DEBUG_INFO = YES;
				ONLY_ACTIVE_ARCH = YES;
				SDKROOT = iphoneos;
				SWIFT_ACTIVE_COMPILATION_CONDITIONS = DEBUG;
				SWIFT_OPTIMIZATION_LEVEL = "-Onone";
				TARGETED_DEVICE_FAMILY = 2;
			};
			name = Debug;
		};
		CAB8FC6F1E23F05E00B6EAC4 /* Release */ = {
			isa = XCBuildConfiguration;
			buildSettings = {
				ALWAYS_SEARCH_USER_PATHS = NO;
				CLANG_ANALYZER_NONNULL = YES;
				CLANG_CXX_LANGUAGE_STANDARD = "gnu++0x";
				CLANG_CXX_LIBRARY = "libc++";
				CLANG_ENABLE_MODULES = YES;
				CLANG_ENABLE_OBJC_ARC = YES;
				CLANG_WARN_BOOL_CONVERSION = YES;
				CLANG_WARN_CONSTANT_CONVERSION = YES;
				CLANG_WARN_DIRECT_OBJC_ISA_USAGE = YES_ERROR;
				CLANG_WARN_DOCUMENTATION_COMMENTS = YES;
				CLANG_WARN_EMPTY_BODY = YES;
				CLANG_WARN_ENUM_CONVERSION = YES;
				CLANG_WARN_INFINITE_RECURSION = YES;
				CLANG_WARN_INT_CONVERSION = YES;
				CLANG_WARN_OBJC_ROOT_CLASS = YES_ERROR;
				CLANG_WARN_SUSPICIOUS_MOVE = YES;
				CLANG_WARN_UNREACHABLE_CODE = YES;
				CLANG_WARN__DUPLICATE_METHOD_MATCH = YES;
				"CODE_SIGN_IDENTITY[sdk=iphoneos*]" = "iPhone Developer";
				COPY_PHASE_STRIP = NO;
				DEBUG_INFORMATION_FORMAT = "dwarf-with-dsym";
				ENABLE_NS_ASSERTIONS = NO;
				ENABLE_STRICT_OBJC_MSGSEND = YES;
				GCC_C_LANGUAGE_STANDARD = gnu99;
				GCC_NO_COMMON_BLOCKS = YES;
				GCC_WARN_64_TO_32_BIT_CONVERSION = YES;
				GCC_WARN_ABOUT_RETURN_TYPE = YES_ERROR;
				GCC_WARN_UNDECLARED_SELECTOR = YES;
				GCC_WARN_UNINITIALIZED_AUTOS = YES_AGGRESSIVE;
				GCC_WARN_UNUSED_FUNCTION = YES;
				GCC_WARN_UNUSED_VARIABLE = YES;
				IPHONEOS_DEPLOYMENT_TARGET = 10.3;
				MTL_ENABLE_DEBUG_INFO = NO;
				SDKROOT = iphoneos;
				SWIFT_OPTIMIZATION_LEVEL = "-Owholemodule";
				TARGETED_DEVICE_FAMILY = 2;
				VALIDATE_PRODUCT = YES;
			};
			name = Release;
		};
		CAB8FC711E23F05E00B6EAC4 /* Debug */ = {
			isa = XCBuildConfiguration;
			baseConfigurationReference = 6CBB0872D5C435C87E8E7431 /* Pods-BioKids_Swift.debug.xcconfig */;
			buildSettings = {
				ASSETCATALOG_COMPILER_APPICON_NAME = AppIcon;
				"CODE_SIGN_IDENTITY[sdk=iphoneos*]" = "iPhone Developer";
				DEVELOPMENT_TEAM = BBME9M5D97;
				INFOPLIST_FILE = BioKids_Swift/Info.plist;
				IPHONEOS_DEPLOYMENT_TARGET = 9.0;
				LD_RUNPATH_SEARCH_PATHS = "$(inherited) @executable_path/Frameworks";
				PRODUCT_BUNDLE_IDENTIFIER = com.brandon.PhilaScientistsDebug;
				PRODUCT_NAME = "$(TARGET_NAME)";
				PROVISIONING_PROFILE_SPECIFIER = "";
				SWIFT_VERSION = 3.0;
			};
			name = Debug;
		};
		CAB8FC721E23F05E00B6EAC4 /* Release */ = {
			isa = XCBuildConfiguration;
			baseConfigurationReference = 5D5EC777303DD97551E2319E /* Pods-BioKids_Swift.release.xcconfig */;
			buildSettings = {
				ASSETCATALOG_COMPILER_APPICON_NAME = AppIcon;
				"CODE_SIGN_IDENTITY[sdk=iphoneos*]" = "iPhone Developer";
				DEVELOPMENT_TEAM = BBME9M5D97;
				INFOPLIST_FILE = BioKids_Swift/Info.plist;
				IPHONEOS_DEPLOYMENT_TARGET = 9.0;
				LD_RUNPATH_SEARCH_PATHS = "$(inherited) @executable_path/Frameworks";
				PRODUCT_BUNDLE_IDENTIFIER = com.brandon.PhilaScientistsDebug;
				PRODUCT_NAME = "$(TARGET_NAME)";
				PROVISIONING_PROFILE_SPECIFIER = "";
				SWIFT_VERSION = 3.0;
			};
			name = Release;
		};
/* End XCBuildConfiguration section */

/* Begin XCConfigurationList section */
		CAB8FC591E23F05E00B6EAC4 /* Build configuration list for PBXProject "BioKids_Swift" */ = {
			isa = XCConfigurationList;
			buildConfigurations = (
				CAB8FC6E1E23F05E00B6EAC4 /* Debug */,
				CAB8FC6F1E23F05E00B6EAC4 /* Release */,
			);
			defaultConfigurationIsVisible = 0;
			defaultConfigurationName = Release;
		};
		CAB8FC701E23F05E00B6EAC4 /* Build configuration list for PBXNativeTarget "BioKids_Swift" */ = {
			isa = XCConfigurationList;
			buildConfigurations = (
				CAB8FC711E23F05E00B6EAC4 /* Debug */,
				CAB8FC721E23F05E00B6EAC4 /* Release */,
			);
			defaultConfigurationIsVisible = 0;
			defaultConfigurationName = Release;
		};
/* End XCConfigurationList section */
	};
	rootObject = CAB8FC561E23F05E00B6EAC4 /* Project object */;
}
